
Microsoft Visual Studio Solution File, Format Version 12.00
# Visual Studio 15
VisualStudioVersion = 15.0.28307.271
MinimumVisualStudioVersion = 10.0.40219.1
Project("{2150E333-8FDC-42A3-9474-1A3956D46DE8}") = "Library", "Library", "{00EC54E5-3021-4B2A-95DC-6A3CB3541AB9}"
EndProject
Project("{2150E333-8FDC-42A3-9474-1A3956D46DE8}") = "WebApi", "WebApi", "{D8BECF0B-552F-485C-9456-33C4CB40285D}"
EndProject
Project("{9A19103F-16F7-4668-BE54-9A1E7A4F7556}") = "Common", "Library\Common\Common.csproj", "{B5F3A971-2C7D-4C95-A09B-753353A555B5}"
EndProject
Project("{9A19103F-16F7-4668-BE54-9A1E7A4F7556}") = "FwApi", "WebApi\FwApi\FwApi.csproj", "{48B4A775-D45C-4202-8F29-6CF8DB83660F}"
EndProject
Project("{2150E333-8FDC-42A3-9474-1A3956D46DE8}") = "AppCore", "AppCore", "{AFD78B82-570B-4D58-83FE-64A45FE33522}"
EndProject
Project("{2150E333-8FDC-42A3-9474-1A3956D46DE8}") = "0_FWSpec", "0_FWSpec", "{DEBFE923-E676-485F-BA61-36D0825EF84D}"
	ProjectSection(SolutionItems) = preProject
		0_FWSpec\01_FwCore.Identity.txt = 0_FWSpec\01_FwCore.Identity.txt
		0_FWSpec\Readme.txt = 0_FWSpec\Readme.txt
	EndProjectSection
EndProject
Project("{9A19103F-16F7-4668-BE54-9A1E7A4F7556}") = "DTO", "AppCore\DTO\DTO.csproj", "{D971BC63-8C49-40C8-8866-2940B6868093}"
EndProject
Project("{9A19103F-16F7-4668-BE54-9A1E7A4F7556}") = "FwCore.DBContext", "AppCore\FwCore.DBContext\FwCore.DBContext.csproj", "{C426EE6F-E796-45E3-B46A-A88C727B1574}"
EndProject
Project("{9A19103F-16F7-4668-BE54-9A1E7A4F7556}") = "FwCore.DAL", "AppCore\FwCore.DAL\FwCore.DAL.csproj", "{E59D8906-387E-4FA3-9BFC-47D1D03EAD41}"
EndProject
Project("{9A19103F-16F7-4668-BE54-9A1E7A4F7556}") = "FwCore.BLL", "AppCore\FwCore.BLL\FwCore.BLL.csproj", "{8DF6338F-EC28-43F7-9B46-95A004979C64}"
EndProject
Project("{9A19103F-16F7-4668-BE54-9A1E7A4F7556}") = "Tools", "Library\Tools\Tools.csproj", "{050C6D33-F5B5-4414-90C2-C926FFADEBDE}"
EndProject
Project("{9A19103F-16F7-4668-BE54-9A1E7A4F7556}") = "FwCore.Identity", "AppCore\FwCore.Identity\FwCore.Identity.csproj", "{0F740B2E-8C68-450F-8143-F6F96B101972}"
EndProject
Global
	GlobalSection(SolutionConfigurationPlatforms) = preSolution
		Debug|Any CPU = Debug|Any CPU
		Release|Any CPU = Release|Any CPU
	EndGlobalSection
	GlobalSection(ProjectConfigurationPlatforms) = postSolution
		{B5F3A971-2C7D-4C95-A09B-753353A555B5}.Debug|Any CPU.ActiveCfg = Debug|Any CPU
		{B5F3A971-2C7D-4C95-A09B-753353A555B5}.Debug|Any CPU.Build.0 = Debug|Any CPU
		{B5F3A971-2C7D-4C95-A09B-753353A555B5}.Release|Any CPU.ActiveCfg = Release|Any CPU
		{B5F3A971-2C7D-4C95-A09B-753353A555B5}.Release|Any CPU.Build.0 = Release|Any CPU
		{48B4A775-D45C-4202-8F29-6CF8DB83660F}.Debug|Any CPU.ActiveCfg = Debug|Any CPU
		{48B4A775-D45C-4202-8F29-6CF8DB83660F}.Debug|Any CPU.Build.0 = Debug|Any CPU
		{48B4A775-D45C-4202-8F29-6CF8DB83660F}.Release|Any CPU.ActiveCfg = Release|Any CPU
		{48B4A775-D45C-4202-8F29-6CF8DB83660F}.Release|Any CPU.Build.0 = Release|Any CPU
		{D971BC63-8C49-40C8-8866-2940B6868093}.Debug|Any CPU.ActiveCfg = Debug|Any CPU
		{D971BC63-8C49-40C8-8866-2940B6868093}.Debug|Any CPU.Build.0 = Debug|Any CPU
		{D971BC63-8C49-40C8-8866-2940B6868093}.Release|Any CPU.ActiveCfg = Release|Any CPU
		{D971BC63-8C49-40C8-8866-2940B6868093}.Release|Any CPU.Build.0 = Release|Any CPU
		{C426EE6F-E796-45E3-B46A-A88C727B1574}.Debug|Any CPU.ActiveCfg = Debug|Any CPU
		{C426EE6F-E796-45E3-B46A-A88C727B1574}.Debug|Any CPU.Build.0 = Debug|Any CPU
		{C426EE6F-E796-45E3-B46A-A88C727B1574}.Release|Any CPU.ActiveCfg = Release|Any CPU
		{C426EE6F-E796-45E3-B46A-A88C727B1574}.Release|Any CPU.Build.0 = Release|Any CPU
		{E59D8906-387E-4FA3-9BFC-47D1D03EAD41}.Debug|Any CPU.ActiveCfg = Debug|Any CPU
		{E59D8906-387E-4FA3-9BFC-47D1D03EAD41}.Debug|Any CPU.Build.0 = Debug|Any CPU
		{E59D8906-387E-4FA3-9BFC-47D1D03EAD41}.Release|Any CPU.ActiveCfg = Release|Any CPU
		{E59D8906-387E-4FA3-9BFC-47D1D03EAD41}.Release|Any CPU.Build.0 = Release|Any CPU
		{8DF6338F-EC28-43F7-9B46-95A004979C64}.Debug|Any CPU.ActiveCfg = Debug|Any CPU
		{8DF6338F-EC28-43F7-9B46-95A004979C64}.Debug|Any CPU.Build.0 = Debug|Any CPU
		{8DF6338F-EC28-43F7-9B46-95A004979C64}.Release|Any CPU.ActiveCfg = Release|Any CPU
		{8DF6338F-EC28-43F7-9B46-95A004979C64}.Release|Any CPU.Build.0 = Release|Any CPU
		{050C6D33-F5B5-4414-90C2-C926FFADEBDE}.Debug|Any CPU.ActiveCfg = Debug|Any CPU
		{050C6D33-F5B5-4414-90C2-C926FFADEBDE}.Debug|Any CPU.Build.0 = Debug|Any CPU
		{050C6D33-F5B5-4414-90C2-C926FFADEBDE}.Release|Any CPU.ActiveCfg = Release|Any CPU
		{050C6D33-F5B5-4414-90C2-C926FFADEBDE}.Release|Any CPU.Build.0 = Release|Any CPU
		{0F740B2E-8C68-450F-8143-F6F96B101972}.Debug|Any CPU.ActiveCfg = Debug|Any CPU
		{0F740B2E-8C68-450F-8143-F6F96B101972}.Debug|Any CPU.Build.0 = Debug|Any CPU
		{0F740B2E-8C68-450F-8143-F6F96B101972}.Release|Any CPU.ActiveCfg = Release|Any CPU
		{0F740B2E-8C68-450F-8143-F6F96B101972}.Release|Any CPU.Build.0 = Release|Any CPU
	EndGlobalSection
	GlobalSection(SolutionProperties) = preSolution
		HideSolutionNode = FALSE
	EndGlobalSection
	GlobalSection(NestedProjects) = preSolution
		{B5F3A971-2C7D-4C95-A09B-753353A555B5} = {00EC54E5-3021-4B2A-95DC-6A3CB3541AB9}
		{48B4A775-D45C-4202-8F29-6CF8DB83660F} = {D8BECF0B-552F-485C-9456-33C4CB40285D}
		{D971BC63-8C49-40C8-8866-2940B6868093} = {AFD78B82-570B-4D58-83FE-64A45FE33522}
		{C426EE6F-E796-45E3-B46A-A88C727B1574} = {AFD78B82-570B-4D58-83FE-64A45FE33522}
		{E59D8906-387E-4FA3-9BFC-47D1D03EAD41} = {AFD78B82-570B-4D58-83FE-64A45FE33522}
		{8DF6338F-EC28-43F7-9B46-95A004979C64} = {AFD78B82-570B-4D58-83FE-64A45FE33522}
		{050C6D33-F5B5-4414-90C2-C926FFADEBDE} = {00EC54E5-3021-4B2A-95DC-6A3CB3541AB9}
		{0F740B2E-8C68-450F-8143-F6F96B101972} = {AFD78B82-570B-4D58-83FE-64A45FE33522}
	EndGlobalSection
	GlobalSection(ExtensibilityGlobals) = postSolution
		SolutionGuid = {A44DB5ED-473B-4AE3-A741-2385272E4263}
	EndGlobalSection
EndGlobal
